# THIS IS AN AUTOGENERATED FILE. DO NOT EDIT THIS FILE DIRECTLY.
# yarn lockfile v1


"@prisma/engines@3.14.0-36.2b0c12756921c891fec4f68d9444e18c7d5d4a6a":
  version "3.14.0-36.2b0c12756921c891fec4f68d9444e18c7d5d4a6a"
  resolved "https://registry.yarnpkg.com/@prisma/engines/-/engines-3.14.0-36.2b0c12756921c891fec4f68d9444e18c7d5d4a6a.tgz#7fa11bc26a51d450185c816cc0ab8cac673fb4bf"
  integrity sha512-LwZvI3FY6f43xFjQNRuE10JM5R8vJzFTSmbV9X0Wuhv9kscLkjRlZt0BEoiHmO+2HA3B3xxbMfB5du7ZoSFXGg==

prisma@^3.14.0:
  version "3.14.0"
  resolved "https://registry.yarnpkg.com/prisma/-/prisma-3.14.0.tgz#dd67ece37d7b5373e9fd9588971de0024b49be81"
  integrity sha512-l9MOgNCn/paDE+i1K2fp9NZ+Du4trzPTJsGkaQHVBufTGqzoYHuNk8JfzXuIn0Gte6/ZjyKj652Jq/Lc1tp2yw==
  dependencies:
    "@prisma/engines" "3.14.0-36.2b0c12756921c891fec4f68d9444e18c7d5d4a6a"
